// !$*UTF8*$!
{
	archiveVersion = 1;
	classes = {
	};
	objectVersion = 56;
	objects = {

/* Begin PBXBuildFile section */
		053960D42B4584E100E58369 /* APIEndpoints.swift in Sources */ = {isa = PBXBuildFile; fileRef = 053960D32B4584E100E58369 /* APIEndpoints.swift */; };
		053960D72B458B1F00E58369 /* Alamofire in Frameworks */ = {isa = PBXBuildFile; productRef = 053960D62B458B1F00E58369 /* Alamofire */; };
		053960DA2B458FF800E58369 /* User.swift in Sources */ = {isa = PBXBuildFile; fileRef = 053960D92B458FF800E58369 /* User.swift */; };
		053960DC2B459BE800E58369 /* NetworkManager.swift in Sources */ = {isa = PBXBuildFile; fileRef = 053960DB2B459BE800E58369 /* NetworkManager.swift */; };
		6B0EAA262B4BE024006D2CE4 /* MainView.swift in Sources */ = {isa = PBXBuildFile; fileRef = 6B0EAA252B4BE024006D2CE4 /* MainView.swift */; };
		6B0EAA2A2B4BE042006D2CE4 /* ProfileTabView.swift in Sources */ = {isa = PBXBuildFile; fileRef = 6B0EAA272B4BE042006D2CE4 /* ProfileTabView.swift */; };
		6B0EAA2B2B4BE042006D2CE4 /* HomeTabView.swift in Sources */ = {isa = PBXBuildFile; fileRef = 6B0EAA282B4BE042006D2CE4 /* HomeTabView.swift */; };
		6B0EAA2C2B4BE042006D2CE4 /* MessageTabView.swift in Sources */ = {isa = PBXBuildFile; fileRef = 6B0EAA292B4BE042006D2CE4 /* MessageTabView.swift */; };
		6B0EAA2E2B4BE061006D2CE4 /* HomeViewModel.swift in Sources */ = {isa = PBXBuildFile; fileRef = 6B0EAA2D2B4BE061006D2CE4 /* HomeViewModel.swift */; };
		6B0EAA302B4BE075006D2CE4 /* TabItem.swift in Sources */ = {isa = PBXBuildFile; fileRef = 6B0EAA2F2B4BE075006D2CE4 /* TabItem.swift */; };
		6B6775912B4537E30014DAC3 /* Assets.xcassets in Resources */ = {isa = PBXBuildFile; fileRef = 6B6775902B4537E30014DAC3 /* Assets.xcassets */; };
		6B6775942B4537E30014DAC3 /* Preview Assets.xcassets in Resources */ = {isa = PBXBuildFile; fileRef = 6B6775932B4537E30014DAC3 /* Preview Assets.xcassets */; };
		6B67759D2B454D310014DAC3 /* RootCoordinator.swift in Sources */ = {isa = PBXBuildFile; fileRef = 6B67759C2B454D310014DAC3 /* RootCoordinator.swift */; };
		6B6775A42B45528D0014DAC3 /* OnboardingScreen.swift in Sources */ = {isa = PBXBuildFile; fileRef = 6B6775A32B45528D0014DAC3 /* OnboardingScreen.swift */; };
		6B6775A62B455F790014DAC3 /* AcceptTermsAndConditionsScreen.swift in Sources */ = {isa = PBXBuildFile; fileRef = 6B6775A52B455F790014DAC3 /* AcceptTermsAndConditionsScreen.swift */; };
		6B6775A92B4564610014DAC3 /* RootViewModel.swift in Sources */ = {isa = PBXBuildFile; fileRef = 6B6775A82B4564610014DAC3 /* RootViewModel.swift */; };
		6B6775AC2B456D220014DAC3 /* AuthenticationManager.swift in Sources */ = {isa = PBXBuildFile; fileRef = 6B6775AB2B456D220014DAC3 /* AuthenticationManager.swift */; };
		6B6775B02B457D800014DAC3 /* MainScreen.swift in Sources */ = {isa = PBXBuildFile; fileRef = 6B6775AF2B457D800014DAC3 /* MainScreen.swift */; };
		6B7103602B4822B800A2F5F1 /* Header.swift in Sources */ = {isa = PBXBuildFile; fileRef = 6B71035F2B4822B800A2F5F1 /* Header.swift */; };
		6B7103622B4822D000A2F5F1 /* TextButton.swift in Sources */ = {isa = PBXBuildFile; fileRef = 6B7103612B4822D000A2F5F1 /* TextButton.swift */; };
		6B7103642B48234000A2F5F1 /* AuthorizationScreen.swift in Sources */ = {isa = PBXBuildFile; fileRef = 6B7103632B48234000A2F5F1 /* AuthorizationScreen.swift */; };
		6B71036A2B4827CD00A2F5F1 /* Localizable.strings in Resources */ = {isa = PBXBuildFile; fileRef = 6B71036C2B4827CD00A2F5F1 /* Localizable.strings */; };
		6BB561162B4C01FB0026382B /* NotoSans-Regular.ttf in Resources */ = {isa = PBXBuildFile; fileRef = 6BB561122B4C01FB0026382B /* NotoSans-Regular.ttf */; };
		6BB561172B4C01FB0026382B /* NotoSans-Medium.ttf in Resources */ = {isa = PBXBuildFile; fileRef = 6BB561132B4C01FB0026382B /* NotoSans-Medium.ttf */; };
		6BB561182B4C01FB0026382B /* NotoSans-SemiBold.ttf in Resources */ = {isa = PBXBuildFile; fileRef = 6BB561142B4C01FB0026382B /* NotoSans-SemiBold.ttf */; };
		6BB561192B4C01FB0026382B /* NotoSans-Bold.ttf in Resources */ = {isa = PBXBuildFile; fileRef = 6BB561152B4C01FB0026382B /* NotoSans-Bold.ttf */; };
		6BB5611C2B4C02D10026382B /* Fonts.swift in Sources */ = {isa = PBXBuildFile; fileRef = 6BB5611B2B4C02D10026382B /* Fonts.swift */; };
		6BB5611E2B4C19930026382B /* Colors.swift in Sources */ = {isa = PBXBuildFile; fileRef = 6BB5611D2B4C19930026382B /* Colors.swift */; };
		6BE6626A2B46A8B4000FCFC9 /* SplashScreen.swift in Sources */ = {isa = PBXBuildFile; fileRef = 6BE662692B46A8B4000FCFC9 /* SplashScreen.swift */; };
		6BF62A092B483394004E2165 /* SwiftAppTemplateApp.swift in Sources */ = {isa = PBXBuildFile; fileRef = 6B67758C2B4537E20014DAC3 /* SwiftAppTemplateApp.swift */; };
		C9FE2B872B46BE2400E7D49E /* CardView.swift in Sources */ = {isa = PBXBuildFile; fileRef = C9FE2B862B46BE2400E7D49E /* CardView.swift */; };
		C9FE2B892B46CB4D00E7D49E /* WebView.swift in Sources */ = {isa = PBXBuildFile; fileRef = C9FE2B882B46CB4D00E7D49E /* WebView.swift */; };
/* End PBXBuildFile section */

/* Begin PBXFileReference section */
		053960D32B4584E100E58369 /* APIEndpoints.swift */ = {isa = PBXFileReference; lastKnownFileType = sourcecode.swift; path = APIEndpoints.swift; sourceTree = "<group>"; };
		053960D92B458FF800E58369 /* User.swift */ = {isa = PBXFileReference; lastKnownFileType = sourcecode.swift; path = User.swift; sourceTree = "<group>"; };
		053960DB2B459BE800E58369 /* NetworkManager.swift */ = {isa = PBXFileReference; lastKnownFileType = sourcecode.swift; path = NetworkManager.swift; sourceTree = "<group>"; };
		6B0EAA252B4BE024006D2CE4 /* MainView.swift */ = {isa = PBXFileReference; fileEncoding = 4; lastKnownFileType = sourcecode.swift; name = MainView.swift; path = SwiftAppTemplate/Screens/MainTabView/MainView.swift; sourceTree = SOURCE_ROOT; };
		6B0EAA272B4BE042006D2CE4 /* ProfileTabView.swift */ = {isa = PBXFileReference; fileEncoding = 4; lastKnownFileType = sourcecode.swift; name = ProfileTabView.swift; path = SwiftAppTemplate/Screens/MainTabView/TabViews/ProfileTabView.swift; sourceTree = SOURCE_ROOT; };
		6B0EAA282B4BE042006D2CE4 /* HomeTabView.swift */ = {isa = PBXFileReference; fileEncoding = 4; lastKnownFileType = sourcecode.swift; name = HomeTabView.swift; path = SwiftAppTemplate/Screens/MainTabView/TabViews/HomeTabView.swift; sourceTree = SOURCE_ROOT; };
		6B0EAA292B4BE042006D2CE4 /* MessageTabView.swift */ = {isa = PBXFileReference; fileEncoding = 4; lastKnownFileType = sourcecode.swift; name = MessageTabView.swift; path = SwiftAppTemplate/Screens/MainTabView/TabViews/MessageTabView.swift; sourceTree = SOURCE_ROOT; };
		6B0EAA2D2B4BE061006D2CE4 /* HomeViewModel.swift */ = {isa = PBXFileReference; fileEncoding = 4; lastKnownFileType = sourcecode.swift; name = HomeViewModel.swift; path = SwiftAppTemplate/Screens/MainTabView/ViewModels/HomeViewModel.swift; sourceTree = SOURCE_ROOT; };
		6B0EAA2F2B4BE075006D2CE4 /* TabItem.swift */ = {isa = PBXFileReference; fileEncoding = 4; lastKnownFileType = sourcecode.swift; name = TabItem.swift; path = SwiftAppTemplate/Screens/MainTabView/Models/TabItem.swift; sourceTree = SOURCE_ROOT; };
		6B6775892B4537E20014DAC3 /* SwiftAppTemplate.app */ = {isa = PBXFileReference; explicitFileType = wrapper.application; includeInIndex = 0; path = SwiftAppTemplate.app; sourceTree = BUILT_PRODUCTS_DIR; };
		6B67758C2B4537E20014DAC3 /* SwiftAppTemplateApp.swift */ = {isa = PBXFileReference; lastKnownFileType = sourcecode.swift; path = SwiftAppTemplateApp.swift; sourceTree = "<group>"; };
		6B6775902B4537E30014DAC3 /* Assets.xcassets */ = {isa = PBXFileReference; lastKnownFileType = folder.assetcatalog; path = Assets.xcassets; sourceTree = "<group>"; };
		6B6775932B4537E30014DAC3 /* Preview Assets.xcassets */ = {isa = PBXFileReference; lastKnownFileType = folder.assetcatalog; path = "Preview Assets.xcassets"; sourceTree = "<group>"; };
		6B67759C2B454D310014DAC3 /* RootCoordinator.swift */ = {isa = PBXFileReference; lastKnownFileType = sourcecode.swift; path = RootCoordinator.swift; sourceTree = "<group>"; };
		6B6775A32B45528D0014DAC3 /* OnboardingScreen.swift */ = {isa = PBXFileReference; lastKnownFileType = sourcecode.swift; path = OnboardingScreen.swift; sourceTree = "<group>"; };
		6B6775A52B455F790014DAC3 /* AcceptTermsAndConditionsScreen.swift */ = {isa = PBXFileReference; lastKnownFileType = sourcecode.swift; path = AcceptTermsAndConditionsScreen.swift; sourceTree = "<group>"; };
		6B6775A82B4564610014DAC3 /* RootViewModel.swift */ = {isa = PBXFileReference; lastKnownFileType = sourcecode.swift; path = RootViewModel.swift; sourceTree = "<group>"; };
		6B6775AB2B456D220014DAC3 /* AuthenticationManager.swift */ = {isa = PBXFileReference; lastKnownFileType = sourcecode.swift; path = AuthenticationManager.swift; sourceTree = "<group>"; };
		6B6775AE2B45764E0014DAC3 /* Info.plist */ = {isa = PBXFileReference; lastKnownFileType = text.plist; path = Info.plist; sourceTree = "<group>"; };
		6B6775AF2B457D800014DAC3 /* MainScreen.swift */ = {isa = PBXFileReference; lastKnownFileType = sourcecode.swift; path = MainScreen.swift; sourceTree = "<group>"; };
		6B71035F2B4822B800A2F5F1 /* Header.swift */ = {isa = PBXFileReference; lastKnownFileType = sourcecode.swift; path = Header.swift; sourceTree = "<group>"; };
		6B7103612B4822D000A2F5F1 /* TextButton.swift */ = {isa = PBXFileReference; lastKnownFileType = sourcecode.swift; path = TextButton.swift; sourceTree = "<group>"; };
		6B7103632B48234000A2F5F1 /* AuthorizationScreen.swift */ = {isa = PBXFileReference; lastKnownFileType = sourcecode.swift; path = AuthorizationScreen.swift; sourceTree = "<group>"; };
		6B71036B2B4827CD00A2F5F1 /* en */ = {isa = PBXFileReference; lastKnownFileType = text.plist.strings; name = en; path = en.lproj/Localizable.strings; sourceTree = "<group>"; };
		6BB561122B4C01FB0026382B /* NotoSans-Regular.ttf */ = {isa = PBXFileReference; lastKnownFileType = file; path = "NotoSans-Regular.ttf"; sourceTree = "<group>"; };
		6BB561132B4C01FB0026382B /* NotoSans-Medium.ttf */ = {isa = PBXFileReference; lastKnownFileType = file; path = "NotoSans-Medium.ttf"; sourceTree = "<group>"; };
		6BB561142B4C01FB0026382B /* NotoSans-SemiBold.ttf */ = {isa = PBXFileReference; lastKnownFileType = file; path = "NotoSans-SemiBold.ttf"; sourceTree = "<group>"; };
		6BB561152B4C01FB0026382B /* NotoSans-Bold.ttf */ = {isa = PBXFileReference; lastKnownFileType = file; path = "NotoSans-Bold.ttf"; sourceTree = "<group>"; };
		6BB5611B2B4C02D10026382B /* Fonts.swift */ = {isa = PBXFileReference; lastKnownFileType = sourcecode.swift; path = Fonts.swift; sourceTree = "<group>"; };
		6BB5611D2B4C19930026382B /* Colors.swift */ = {isa = PBXFileReference; lastKnownFileType = sourcecode.swift; path = Colors.swift; sourceTree = "<group>"; };
		6BE662692B46A8B4000FCFC9 /* SplashScreen.swift */ = {isa = PBXFileReference; lastKnownFileType = sourcecode.swift; path = SplashScreen.swift; sourceTree = "<group>"; };
		C9FE2B862B46BE2400E7D49E /* CardView.swift */ = {isa = PBXFileReference; lastKnownFileType = sourcecode.swift; path = CardView.swift; sourceTree = "<group>"; };
		C9FE2B882B46CB4D00E7D49E /* WebView.swift */ = {isa = PBXFileReference; lastKnownFileType = sourcecode.swift; path = WebView.swift; sourceTree = "<group>"; };
/* End PBXFileReference section */

/* Begin PBXFrameworksBuildPhase section */
		6B6775862B4537E20014DAC3 /* Frameworks */ = {
			isa = PBXFrameworksBuildPhase;
			buildActionMask = 2147483647;
			files = (
				053960D72B458B1F00E58369 /* Alamofire in Frameworks */,
			);
			runOnlyForDeploymentPostprocessing = 0;
		};
/* End PBXFrameworksBuildPhase section */

/* Begin PBXGroup section */
		053960D02B45842400E58369 /* Network */ = {
			isa = PBXGroup;
			children = (
				053960D32B4584E100E58369 /* APIEndpoints.swift */,
				053960DB2B459BE800E58369 /* NetworkManager.swift */,
			);
			path = Network;
			sourceTree = "<group>";
		};
		053960D82B458FE700E58369 /* Models */ = {
			isa = PBXGroup;
			children = (
				053960D92B458FF800E58369 /* User.swift */,
			);
			path = Models;
			sourceTree = "<group>";
		};
		6B0EAA312B4BE2CD006D2CE4 /* Fonts */ = {
			isa = PBXGroup;
			children = (
				6BB561152B4C01FB0026382B /* NotoSans-Bold.ttf */,
				6BB561132B4C01FB0026382B /* NotoSans-Medium.ttf */,
				6BB561122B4C01FB0026382B /* NotoSans-Regular.ttf */,
				6BB561142B4C01FB0026382B /* NotoSans-SemiBold.ttf */,
			);
			path = Fonts;
			sourceTree = "<group>";
		};
		6B57B1E72B4BDEC200E62524 /* Home */ = {
			isa = PBXGroup;
			children = (
				6B0EAA252B4BE024006D2CE4 /* HomeView.swift */,
				6B57B1E82B4BDEC200E62524 /* TabViews */,
				6B57B1E92B4BDEC200E62524 /* ViewModels */,
				6B57B1EA2B4BDEC200E62524 /* Models */,
			);
			path = Home;
			sourceTree = "<group>";
		};
		6B57B1E82B4BDEC200E62524 /* TabViews */ = {
			isa = PBXGroup;
			children = (
				6B0EAA282B4BE042006D2CE4 /* HomeTabView.swift */,
				6B0EAA292B4BE042006D2CE4 /* MessageTabView.swift */,
				6B0EAA272B4BE042006D2CE4 /* ProfileTabView.swift */,
			);
			path = TabViews;
			sourceTree = "<group>";
		};
		6B57B1E92B4BDEC200E62524 /* ViewModels */ = {
			isa = PBXGroup;
			children = (
				6B0EAA2D2B4BE061006D2CE4 /* HomeViewModel.swift */,
			);
			path = ViewModels;
			sourceTree = "<group>";
		};
		6B57B1EA2B4BDEC200E62524 /* Models */ = {
			isa = PBXGroup;
			children = (
				6B0EAA2F2B4BE075006D2CE4 /* TabItem.swift */,
			);
			path = Models;
			sourceTree = "<group>";
		};
		6B6775802B4537E20014DAC3 = {
			isa = PBXGroup;
			children = (
				6B67758A2B4537E20014DAC3 /* Products */,
				6B67758B2B4537E20014DAC3 /* SwiftAppTemplate */,
			);
			sourceTree = "<group>";
		};
		6B67758A2B4537E20014DAC3 /* Products */ = {
			isa = PBXGroup;
			children = (
				6B6775892B4537E20014DAC3 /* SwiftAppTemplate.app */,
			);
			name = Products;
			sourceTree = "<group>";
		};
		6B67758B2B4537E20014DAC3 /* SwiftAppTemplate */ = {
			isa = PBXGroup;
			children = (
				6BB5611A2B4C02A90026382B /* Utils */,
				6B7103662B48268800A2F5F1 /* Resources */,
				6B6775AE2B45764E0014DAC3 /* Info.plist */,
				053960D82B458FE700E58369 /* Models */,
				053960D02B45842400E58369 /* Network */,
				6B6775902B4537E30014DAC3 /* Assets.xcassets */,
				6B6775AD2B4575300014DAC3 /* ReusableViews */,
				6B6775922B4537E30014DAC3 /* Preview Content */,
				6B6775AA2B456CEC0014DAC3 /* Managers */,
				6B67759A2B454B0C0014DAC3 /* Screens */,
				6B67758C2B4537E20014DAC3 /* SwiftAppTemplateApp.swift */,
			);
			path = SwiftAppTemplate;
			sourceTree = "<group>";
		};
		6B6775922B4537E30014DAC3 /* Preview Content */ = {
			isa = PBXGroup;
			children = (
				6B6775932B4537E30014DAC3 /* Preview Assets.xcassets */,
			);
			path = "Preview Content";
			sourceTree = "<group>";
		};
		6B67759A2B454B0C0014DAC3 /* Screens */ = {
			isa = PBXGroup;
			children = (
				C92870162B4BF5F20007DD1E /* MainTabView */,
				6B6775A72B4562A20014DAC3 /* Splash */,
				6B67759E2B4551CE0014DAC3 /* Authentication */,
				6B67759F2B4551F70014DAC3 /* Onboarding */,
				6B67759B2B454B9A0014DAC3 /* Root */,
				6B6775A02B45520D0014DAC3 /* TermsAndConditions */,
				6B6775AF2B457D800014DAC3 /* MainScreen.swift */,
				C9FE2B882B46CB4D00E7D49E /* WebView.swift */,
			);
			path = Screens;
			sourceTree = "<group>";
		};
		6B67759B2B454B9A0014DAC3 /* Root */ = {
			isa = PBXGroup;
			children = (
				6B67759C2B454D310014DAC3 /* RootCoordinator.swift */,
				6B6775A82B4564610014DAC3 /* RootViewModel.swift */,
			);
			path = Root;
			sourceTree = "<group>";
		};
		6B67759E2B4551CE0014DAC3 /* Authentication */ = {
			isa = PBXGroup;
			children = (
				6B7103632B48234000A2F5F1 /* AuthorizationScreen.swift */,
			);
			path = Authentication;
			sourceTree = "<group>";
		};
		6B67759F2B4551F70014DAC3 /* Onboarding */ = {
			isa = PBXGroup;
			children = (
				6B6775A32B45528D0014DAC3 /* OnboardingScreen.swift */,
			);
			path = Onboarding;
			sourceTree = "<group>";
		};
		6B6775A02B45520D0014DAC3 /* TermsAndConditions */ = {
			isa = PBXGroup;
			children = (
				6B6775A52B455F790014DAC3 /* AcceptTermsAndConditionsScreen.swift */,
			);
			path = TermsAndConditions;
			sourceTree = "<group>";
		};
		6B6775A72B4562A20014DAC3 /* Splash */ = {
			isa = PBXGroup;
			children = (
				6BE662692B46A8B4000FCFC9 /* SplashScreen.swift */,
			);
			path = Splash;
			sourceTree = "<group>";
		};
		6B6775AA2B456CEC0014DAC3 /* Managers */ = {
			isa = PBXGroup;
			children = (
				6B6775AB2B456D220014DAC3 /* AuthenticationManager.swift */,
			);
			path = Managers;
			sourceTree = "<group>";
		};
		6B6775AD2B4575300014DAC3 /* ReusableViews */ = {
			isa = PBXGroup;
			children = (
				6B71035F2B4822B800A2F5F1 /* Header.swift */,
				6B7103612B4822D000A2F5F1 /* TextButton.swift */,
				C9FE2B862B46BE2400E7D49E /* CardView.swift */,
			);
			path = ReusableViews;
			sourceTree = "<group>";
		};
		6B7103662B48268800A2F5F1 /* Resources */ = {
			isa = PBXGroup;
			children = (
				6B0EAA312B4BE2CD006D2CE4 /* Fonts */,
				6B71036C2B4827CD00A2F5F1 /* Localizable.strings */,
			);
			path = Resources;
			sourceTree = "<group>";
		};
		6BB5611A2B4C02A90026382B /* Utils */ = {
			isa = PBXGroup;
			children = (
				6BB5611B2B4C02D10026382B /* Fonts.swift */,
				6BB5611D2B4C19930026382B /* Colors.swift */,
			);
			path = Utils;
		C92870162B4BF5F20007DD1E /* MainTabView */ = {
			isa = PBXGroup;
			children = (
				6B0EAA252B4BE024006D2CE4 /* MainView.swift */,
				C92870172B4BF6070007DD1E /* TabViews */,
				C92870182B4BF6150007DD1E /* ViewModels */,
				C92870192B4BF6280007DD1E /* Models */,
			);
			path = MainTabView;
			sourceTree = "<group>";
		};
		C92870172B4BF6070007DD1E /* TabViews */ = {
			isa = PBXGroup;
			children = (
				6B0EAA282B4BE042006D2CE4 /* HomeTabView.swift */,
				6B0EAA272B4BE042006D2CE4 /* ProfileTabView.swift */,
				6B0EAA292B4BE042006D2CE4 /* MessageTabView.swift */,
			);
			path = TabViews;
			sourceTree = "<group>";
		};
		C92870182B4BF6150007DD1E /* ViewModels */ = {
			isa = PBXGroup;
			children = (
				6B0EAA2D2B4BE061006D2CE4 /* HomeViewModel.swift */,
			);
			path = ViewModels;
			sourceTree = "<group>";
		};
		C92870192B4BF6280007DD1E /* Models */ = {
			isa = PBXGroup;
			children = (
				6B0EAA2F2B4BE075006D2CE4 /* TabItem.swift */,
			);
			path = Models;
			sourceTree = "<group>";
		};
/* End PBXGroup section */

/* Begin PBXNativeTarget section */
		6B6775882B4537E20014DAC3 /* SwiftAppTemplate */ = {
			isa = PBXNativeTarget;
			buildConfigurationList = 6B6775972B4537E30014DAC3 /* Build configuration list for PBXNativeTarget "SwiftAppTemplate" */;
			buildPhases = (
				6B6775852B4537E20014DAC3 /* Sources */,
				6B6775862B4537E20014DAC3 /* Frameworks */,
				6B6775872B4537E20014DAC3 /* Resources */,
			);
			buildRules = (
			);
			dependencies = (
			);
			name = SwiftAppTemplate;
			packageProductDependencies = (
				053960D62B458B1F00E58369 /* Alamofire */,
			);
			productName = SwiftAppTemplate;
			productReference = 6B6775892B4537E20014DAC3 /* SwiftAppTemplate.app */;
			productType = "com.apple.product-type.application";
		};
/* End PBXNativeTarget section */

/* Begin PBXProject section */
		6B6775812B4537E20014DAC3 /* Project object */ = {
			isa = PBXProject;
			attributes = {
				BuildIndependentTargetsInParallel = 1;
				LastSwiftUpdateCheck = 1500;
				LastUpgradeCheck = 1500;
				TargetAttributes = {
					6B6775882B4537E20014DAC3 = {
						CreatedOnToolsVersion = 15.0.1;
					};
				};
			};
			buildConfigurationList = 6B6775842B4537E20014DAC3 /* Build configuration list for PBXProject "SwiftAppTemplate" */;
			compatibilityVersion = "Xcode 14.0";
			developmentRegion = en;
			hasScannedForEncodings = 0;
			knownRegions = (
				en,
				Base,
			);
			mainGroup = 6B6775802B4537E20014DAC3;
			packageReferences = (
				053960D52B458B1F00E58369 /* XCRemoteSwiftPackageReference "Alamofire" */,
			);
			productRefGroup = 6B67758A2B4537E20014DAC3 /* Products */;
			projectDirPath = "";
			projectRoot = "";
			targets = (
				6B6775882B4537E20014DAC3 /* SwiftAppTemplate */,
			);
		};
/* End PBXProject section */

/* Begin PBXResourcesBuildPhase section */
		6B6775872B4537E20014DAC3 /* Resources */ = {
			isa = PBXResourcesBuildPhase;
			buildActionMask = 2147483647;
			files = (
				6BB561162B4C01FB0026382B /* NotoSans-Regular.ttf in Resources */,
				6B6775942B4537E30014DAC3 /* Preview Assets.xcassets in Resources */,
				6BB561182B4C01FB0026382B /* NotoSans-SemiBold.ttf in Resources */,
				6BB561192B4C01FB0026382B /* NotoSans-Bold.ttf in Resources */,
				6B71036A2B4827CD00A2F5F1 /* Localizable.strings in Resources */,
				6B6775912B4537E30014DAC3 /* Assets.xcassets in Resources */,
				6BB561172B4C01FB0026382B /* NotoSans-Medium.ttf in Resources */,
			);
			runOnlyForDeploymentPostprocessing = 0;
		};
/* End PBXResourcesBuildPhase section */

/* Begin PBXSourcesBuildPhase section */
		6B6775852B4537E20014DAC3 /* Sources */ = {
			isa = PBXSourcesBuildPhase;
			buildActionMask = 2147483647;
			files = (
				6BF62A092B483394004E2165 /* SwiftAppTemplateApp.swift in Sources */,
				6BB5611E2B4C19930026382B /* Colors.swift in Sources */,
				6B7103622B4822D000A2F5F1 /* TextButton.swift in Sources */,
				6B0EAA2C2B4BE042006D2CE4 /* MessageTabView.swift in Sources */,
				6B6775A42B45528D0014DAC3 /* OnboardingScreen.swift in Sources */,
				6B6775AC2B456D220014DAC3 /* AuthenticationManager.swift in Sources */,
				6B0EAA2A2B4BE042006D2CE4 /* ProfileTabView.swift in Sources */,
				6B0EAA2B2B4BE042006D2CE4 /* HomeTabView.swift in Sources */,
				6B7103642B48234000A2F5F1 /* AuthorizationScreen.swift in Sources */,
				6B0EAA262B4BE024006D2CE4 /* MainView.swift in Sources */,
				6B6775A92B4564610014DAC3 /* RootViewModel.swift in Sources */,
				6BB5611C2B4C02D10026382B /* Fonts.swift in Sources */,
				6B0EAA302B4BE075006D2CE4 /* TabItem.swift in Sources */,
				6B67759D2B454D310014DAC3 /* RootCoordinator.swift in Sources */,
				6B6775A62B455F790014DAC3 /* AcceptTermsAndConditionsScreen.swift in Sources */,
				6B6775B02B457D800014DAC3 /* MainScreen.swift in Sources */,
				6BE6626A2B46A8B4000FCFC9 /* SplashScreen.swift in Sources */,
				6B7103602B4822B800A2F5F1 /* Header.swift in Sources */,
				C9FE2B892B46CB4D00E7D49E /* WebView.swift in Sources */,
				6B0EAA2E2B4BE061006D2CE4 /* HomeViewModel.swift in Sources */,
				C9FE2B872B46BE2400E7D49E /* CardView.swift in Sources */,
				053960DA2B458FF800E58369 /* User.swift in Sources */,
				053960DC2B459BE800E58369 /* NetworkManager.swift in Sources */,
				053960D42B4584E100E58369 /* APIEndpoints.swift in Sources */,
			);
			runOnlyForDeploymentPostprocessing = 0;
		};
/* End PBXSourcesBuildPhase section */

/* Begin PBXVariantGroup section */
		6B71036C2B4827CD00A2F5F1 /* Localizable.strings */ = {
			isa = PBXVariantGroup;
			children = (
				6B71036B2B4827CD00A2F5F1 /* en */,
			);
			name = Localizable.strings;
			sourceTree = "<group>";
		};
/* End PBXVariantGroup section */

/* Begin XCBuildConfiguration section */
		6B6775952B4537E30014DAC3 /* Debug */ = {
			isa = XCBuildConfiguration;
			buildSettings = {
				ALWAYS_SEARCH_USER_PATHS = NO;
				ASSETCATALOG_COMPILER_GENERATE_SWIFT_ASSET_SYMBOL_EXTENSIONS = YES;
				CLANG_ANALYZER_NONNULL = YES;
				CLANG_ANALYZER_NUMBER_OBJECT_CONVERSION = YES_AGGRESSIVE;
				CLANG_CXX_LANGUAGE_STANDARD = "gnu++20";
				CLANG_ENABLE_MODULES = YES;
				CLANG_ENABLE_OBJC_ARC = YES;
				CLANG_ENABLE_OBJC_WEAK = YES;
				CLANG_WARN_BLOCK_CAPTURE_AUTORELEASING = YES;
				CLANG_WARN_BOOL_CONVERSION = YES;
				CLANG_WARN_COMMA = YES;
				CLANG_WARN_CONSTANT_CONVERSION = YES;
				CLANG_WARN_DEPRECATED_OBJC_IMPLEMENTATIONS = YES;
				CLANG_WARN_DIRECT_OBJC_ISA_USAGE = YES_ERROR;
				CLANG_WARN_DOCUMENTATION_COMMENTS = YES;
				CLANG_WARN_EMPTY_BODY = YES;
				CLANG_WARN_ENUM_CONVERSION = YES;
				CLANG_WARN_INFINITE_RECURSION = YES;
				CLANG_WARN_INT_CONVERSION = YES;
				CLANG_WARN_NON_LITERAL_NULL_CONVERSION = YES;
				CLANG_WARN_OBJC_IMPLICIT_RETAIN_SELF = YES;
				CLANG_WARN_OBJC_LITERAL_CONVERSION = YES;
				CLANG_WARN_OBJC_ROOT_CLASS = YES_ERROR;
				CLANG_WARN_QUOTED_INCLUDE_IN_FRAMEWORK_HEADER = YES;
				CLANG_WARN_RANGE_LOOP_ANALYSIS = YES;
				CLANG_WARN_STRICT_PROTOTYPES = YES;
				CLANG_WARN_SUSPICIOUS_MOVE = YES;
				CLANG_WARN_UNGUARDED_AVAILABILITY = YES_AGGRESSIVE;
				CLANG_WARN_UNREACHABLE_CODE = YES;
				CLANG_WARN__DUPLICATE_METHOD_MATCH = YES;
				COPY_PHASE_STRIP = NO;
				DEBUG_INFORMATION_FORMAT = dwarf;
				ENABLE_STRICT_OBJC_MSGSEND = YES;
				ENABLE_TESTABILITY = YES;
				ENABLE_USER_SCRIPT_SANDBOXING = YES;
				GCC_C_LANGUAGE_STANDARD = gnu17;
				GCC_DYNAMIC_NO_PIC = NO;
				GCC_NO_COMMON_BLOCKS = YES;
				GCC_OPTIMIZATION_LEVEL = 0;
				GCC_PREPROCESSOR_DEFINITIONS = (
					"DEBUG=1",
					"$(inherited)",
				);
				GCC_WARN_64_TO_32_BIT_CONVERSION = YES;
				GCC_WARN_ABOUT_RETURN_TYPE = YES_ERROR;
				GCC_WARN_UNDECLARED_SELECTOR = YES;
				GCC_WARN_UNINITIALIZED_AUTOS = YES_AGGRESSIVE;
				GCC_WARN_UNUSED_FUNCTION = YES;
				GCC_WARN_UNUSED_VARIABLE = YES;
				IPHONEOS_DEPLOYMENT_TARGET = 17.0;
				LOCALIZATION_PREFERS_STRING_CATALOGS = YES;
				MTL_ENABLE_DEBUG_INFO = INCLUDE_SOURCE;
				MTL_FAST_MATH = YES;
				ONLY_ACTIVE_ARCH = YES;
				SDKROOT = iphoneos;
				SWIFT_ACTIVE_COMPILATION_CONDITIONS = "DEBUG $(inherited)";
				SWIFT_OPTIMIZATION_LEVEL = "-Onone";
			};
			name = Debug;
		};
		6B6775962B4537E30014DAC3 /* Release */ = {
			isa = XCBuildConfiguration;
			buildSettings = {
				ALWAYS_SEARCH_USER_PATHS = NO;
				ASSETCATALOG_COMPILER_GENERATE_SWIFT_ASSET_SYMBOL_EXTENSIONS = YES;
				CLANG_ANALYZER_NONNULL = YES;
				CLANG_ANALYZER_NUMBER_OBJECT_CONVERSION = YES_AGGRESSIVE;
				CLANG_CXX_LANGUAGE_STANDARD = "gnu++20";
				CLANG_ENABLE_MODULES = YES;
				CLANG_ENABLE_OBJC_ARC = YES;
				CLANG_ENABLE_OBJC_WEAK = YES;
				CLANG_WARN_BLOCK_CAPTURE_AUTORELEASING = YES;
				CLANG_WARN_BOOL_CONVERSION = YES;
				CLANG_WARN_COMMA = YES;
				CLANG_WARN_CONSTANT_CONVERSION = YES;
				CLANG_WARN_DEPRECATED_OBJC_IMPLEMENTATIONS = YES;
				CLANG_WARN_DIRECT_OBJC_ISA_USAGE = YES_ERROR;
				CLANG_WARN_DOCUMENTATION_COMMENTS = YES;
				CLANG_WARN_EMPTY_BODY = YES;
				CLANG_WARN_ENUM_CONVERSION = YES;
				CLANG_WARN_INFINITE_RECURSION = YES;
				CLANG_WARN_INT_CONVERSION = YES;
				CLANG_WARN_NON_LITERAL_NULL_CONVERSION = YES;
				CLANG_WARN_OBJC_IMPLICIT_RETAIN_SELF = YES;
				CLANG_WARN_OBJC_LITERAL_CONVERSION = YES;
				CLANG_WARN_OBJC_ROOT_CLASS = YES_ERROR;
				CLANG_WARN_QUOTED_INCLUDE_IN_FRAMEWORK_HEADER = YES;
				CLANG_WARN_RANGE_LOOP_ANALYSIS = YES;
				CLANG_WARN_STRICT_PROTOTYPES = YES;
				CLANG_WARN_SUSPICIOUS_MOVE = YES;
				CLANG_WARN_UNGUARDED_AVAILABILITY = YES_AGGRESSIVE;
				CLANG_WARN_UNREACHABLE_CODE = YES;
				CLANG_WARN__DUPLICATE_METHOD_MATCH = YES;
				COPY_PHASE_STRIP = NO;
				DEBUG_INFORMATION_FORMAT = "dwarf-with-dsym";
				ENABLE_NS_ASSERTIONS = NO;
				ENABLE_STRICT_OBJC_MSGSEND = YES;
				ENABLE_USER_SCRIPT_SANDBOXING = YES;
				GCC_C_LANGUAGE_STANDARD = gnu17;
				GCC_NO_COMMON_BLOCKS = YES;
				GCC_WARN_64_TO_32_BIT_CONVERSION = YES;
				GCC_WARN_ABOUT_RETURN_TYPE = YES_ERROR;
				GCC_WARN_UNDECLARED_SELECTOR = YES;
				GCC_WARN_UNINITIALIZED_AUTOS = YES_AGGRESSIVE;
				GCC_WARN_UNUSED_FUNCTION = YES;
				GCC_WARN_UNUSED_VARIABLE = YES;
				IPHONEOS_DEPLOYMENT_TARGET = 17.0;
				LOCALIZATION_PREFERS_STRING_CATALOGS = YES;
				MTL_ENABLE_DEBUG_INFO = NO;
				MTL_FAST_MATH = YES;
				SDKROOT = iphoneos;
				SWIFT_COMPILATION_MODE = wholemodule;
				VALIDATE_PRODUCT = YES;
			};
			name = Release;
		};
		6B6775982B4537E30014DAC3 /* Debug */ = {
			isa = XCBuildConfiguration;
			buildSettings = {
				ASSETCATALOG_COMPILER_APPICON_NAME = AppIcon;
				ASSETCATALOG_COMPILER_GLOBAL_ACCENT_COLOR_NAME = AccentColor;
				CODE_SIGN_STYLE = Automatic;
				CURRENT_PROJECT_VERSION = 1;
				DEVELOPMENT_ASSET_PATHS = "\"SwiftAppTemplate/Preview Content\"";
				DEVELOPMENT_TEAM = HH2FBNH2W7;
				ENABLE_PREVIEWS = YES;
				GENERATE_INFOPLIST_FILE = YES;
				INFOPLIST_FILE = SwiftAppTemplate/Info.plist;
				INFOPLIST_KEY_CFBundleDisplayName = SwiftAppTemplate;
				INFOPLIST_KEY_LSApplicationCategoryType = "public.app-category.education";
				INFOPLIST_KEY_UIApplicationSceneManifest_Generation = YES;
				INFOPLIST_KEY_UIApplicationSupportsIndirectInputEvents = YES;
				INFOPLIST_KEY_UILaunchScreen_Generation = YES;
				INFOPLIST_KEY_UISupportedInterfaceOrientations = UIInterfaceOrientationPortrait;
				INFOPLIST_KEY_UISupportedInterfaceOrientations_iPad = "UIInterfaceOrientationPortrait UIInterfaceOrientationPortraitUpsideDown UIInterfaceOrientationLandscapeLeft UIInterfaceOrientationLandscapeRight";
				INFOPLIST_KEY_UISupportedInterfaceOrientations_iPhone = "UIInterfaceOrientationPortrait UIInterfaceOrientationLandscapeLeft UIInterfaceOrientationLandscapeRight";
				INFOPLIST_KEY_UIUserInterfaceStyle = Light;
				IPHONEOS_DEPLOYMENT_TARGET = 15.0;
				LD_RUNPATH_SEARCH_PATHS = (
					"$(inherited)",
					"@executable_path/Frameworks",
				);
				MARKETING_VERSION = 1.0.0;
				PRODUCT_BUNDLE_IDENTIFIER = com.learn.SwiftAppTemplate;
				PRODUCT_NAME = "$(TARGET_NAME)";
				SUPPORTED_PLATFORMS = "iphoneos iphonesimulator";
				SUPPORTS_MACCATALYST = NO;
				SUPPORTS_MAC_DESIGNED_FOR_IPHONE_IPAD = NO;
				SWIFT_EMIT_LOC_STRINGS = YES;
				SWIFT_VERSION = 5.0;
				TARGETED_DEVICE_FAMILY = "1,2";
			};
			name = Debug;
		};
		6B6775992B4537E30014DAC3 /* Release */ = {
			isa = XCBuildConfiguration;
			buildSettings = {
				ASSETCATALOG_COMPILER_APPICON_NAME = AppIcon;
				ASSETCATALOG_COMPILER_GLOBAL_ACCENT_COLOR_NAME = AccentColor;
				CODE_SIGN_STYLE = Automatic;
				CURRENT_PROJECT_VERSION = 1;
				DEVELOPMENT_ASSET_PATHS = "\"SwiftAppTemplate/Preview Content\"";
				DEVELOPMENT_TEAM = HH2FBNH2W7;
				ENABLE_PREVIEWS = YES;
				GENERATE_INFOPLIST_FILE = YES;
				INFOPLIST_FILE = SwiftAppTemplate/Info.plist;
				INFOPLIST_KEY_CFBundleDisplayName = SwiftAppTemplate;
				INFOPLIST_KEY_LSApplicationCategoryType = "public.app-category.education";
				INFOPLIST_KEY_UIApplicationSceneManifest_Generation = YES;
				INFOPLIST_KEY_UIApplicationSupportsIndirectInputEvents = YES;
				INFOPLIST_KEY_UILaunchScreen_Generation = YES;
				INFOPLIST_KEY_UISupportedInterfaceOrientations = UIInterfaceOrientationPortrait;
				INFOPLIST_KEY_UISupportedInterfaceOrientations_iPad = "UIInterfaceOrientationPortrait UIInterfaceOrientationPortraitUpsideDown UIInterfaceOrientationLandscapeLeft UIInterfaceOrientationLandscapeRight";
				INFOPLIST_KEY_UISupportedInterfaceOrientations_iPhone = "UIInterfaceOrientationPortrait UIInterfaceOrientationLandscapeLeft UIInterfaceOrientationLandscapeRight";
				INFOPLIST_KEY_UIUserInterfaceStyle = Light;
				IPHONEOS_DEPLOYMENT_TARGET = 15.0;
				LD_RUNPATH_SEARCH_PATHS = (
					"$(inherited)",
					"@executable_path/Frameworks",
				);
				MARKETING_VERSION = 1.0.0;
				PRODUCT_BUNDLE_IDENTIFIER = com.learn.SwiftAppTemplate;
				PRODUCT_NAME = "$(TARGET_NAME)";
				SUPPORTED_PLATFORMS = "iphoneos iphonesimulator";
				SUPPORTS_MACCATALYST = NO;
				SUPPORTS_MAC_DESIGNED_FOR_IPHONE_IPAD = NO;
				SWIFT_EMIT_LOC_STRINGS = YES;
				SWIFT_VERSION = 5.0;
				TARGETED_DEVICE_FAMILY = "1,2";
			};
			name = Release;
		};
/* End XCBuildConfiguration section */

/* Begin XCConfigurationList section */
		6B6775842B4537E20014DAC3 /* Build configuration list for PBXProject "SwiftAppTemplate" */ = {
			isa = XCConfigurationList;
			buildConfigurations = (
				6B6775952B4537E30014DAC3 /* Debug */,
				6B6775962B4537E30014DAC3 /* Release */,
			);
			defaultConfigurationIsVisible = 0;
			defaultConfigurationName = Release;
		};
		6B6775972B4537E30014DAC3 /* Build configuration list for PBXNativeTarget "SwiftAppTemplate" */ = {
			isa = XCConfigurationList;
			buildConfigurations = (
				6B6775982B4537E30014DAC3 /* Debug */,
				6B6775992B4537E30014DAC3 /* Release */,
			);
			defaultConfigurationIsVisible = 0;
			defaultConfigurationName = Release;
		};
/* End XCConfigurationList section */

/* Begin XCRemoteSwiftPackageReference section */
		053960D52B458B1F00E58369 /* XCRemoteSwiftPackageReference "Alamofire" */ = {
			isa = XCRemoteSwiftPackageReference;
			repositoryURL = "https://github.com/Alamofire/Alamofire";
			requirement = {
				kind = upToNextMajorVersion;
				minimumVersion = 5.8.1;
			};
		};
/* End XCRemoteSwiftPackageReference section */

/* Begin XCSwiftPackageProductDependency section */
		053960D62B458B1F00E58369 /* Alamofire */ = {
			isa = XCSwiftPackageProductDependency;
			package = 053960D52B458B1F00E58369 /* XCRemoteSwiftPackageReference "Alamofire" */;
			productName = Alamofire;
		};
/* End XCSwiftPackageProductDependency section */
	};
	rootObject = 6B6775812B4537E20014DAC3 /* Project object */;
}
